PODS:
  - SwiftyXMLParser (1.0.0)
  - TTTAttributedLabel (2.0.0)

DEPENDENCIES:
  - SwiftyXMLParser (from `https://github.com/yahoojapan/SwiftyXMLParser.git`)
  - TTTAttributedLabel

EXTERNAL SOURCES:
  SwiftyXMLParser:
    :git: https://github.com/yahoojapan/SwiftyXMLParser.git

CHECKOUT OPTIONS:
  SwiftyXMLParser:
    :commit: 3a5cd528ef87526bab9d69a1143cf46f8ea5a5cf
    :git: https://github.com/yahoojapan/SwiftyXMLParser.git

SPEC CHECKSUMS:
  SwiftyXMLParser: efdb7bf1ed73d9caa34a4cf031f193e4187f992e
  TTTAttributedLabel: 8cffe8e127e4e82ff3af1e5386d4cd0ad000b656

PODFILE CHECKSUM: '02912b03356989c4fbc6f4274670d16564c6fe23'

COCOAPODS: 1.0.1
