PODS:
  - SwiftyXMLParser (1.0.0)

DEPENDENCIES:
  - SwiftyXMLParser (from `https://github.com/yahoojapan/SwiftyXMLParser.git`)

EXTERNAL SOURCES:
  SwiftyXMLParser:
    :git: https://github.com/yahoojapan/SwiftyXMLParser.git

CHECKOUT OPTIONS:
  SwiftyXMLParser:
    :commit: 3a5cd528ef87526bab9d69a1143cf46f8ea5a5cf
    :git: https://github.com/yahoojapan/SwiftyXMLParser.git

SPEC CHECKSUMS:
  SwiftyXMLParser: efdb7bf1ed73d9caa34a4cf031f193e4187f992e

PODFILE CHECKSUM: 6a099096e1037fc55141c03bb36f2f196cec5a0e

COCOAPODS: 1.0.1
